
Microsoft Visual Studio Solution File, Format Version 12.00
# Visual Studio Version 17
VisualStudioVersion = 17.0.31903.59
MinimumVisualStudioVersion = 10.0.40219.1
Project("{9A19103F-16F7-4668-BE54-9A1E7A4F7556}") = "UserService.API", "UserService.API\UserService.API.csproj", "{9804A009-026F-4FF4-AF2A-6DBAC726F40F}"
EndProject
Project("{9A19103F-16F7-4668-BE54-9A1E7A4F7556}") = "UserService.Core", "UserService.Core\UserService.Core.csproj", "{E5EEFC90-C38C-42E1-82E9-4C83E90C37A1}"
EndProject
Project("{9A19103F-16F7-4668-BE54-9A1E7A4F7556}") = "UserService.Persistence", "UserService.Persistence\UserService.Persistence.csproj", "{4E067FFB-FB38-4613-BA89-07CA178FB0FB}"
EndProject
Project("{FAE04EC0-301F-11D3-BF4B-00C04F79EFBC}") = "UserService.Application", "UserService.Application\UserService.Application.csproj", "{A87DCA7F-B7DB-40B3-BA54-F85D2BC2F927}"
EndProject
Global
	GlobalSection(SolutionConfigurationPlatforms) = preSolution
		Debug|Any CPU = Debug|Any CPU
		Release|Any CPU = Release|Any CPU
	EndGlobalSection
	GlobalSection(ProjectConfigurationPlatforms) = postSolution
		{9804A009-026F-4FF4-AF2A-6DBAC726F40F}.Debug|Any CPU.ActiveCfg = Debug|Any CPU
		{9804A009-026F-4FF4-AF2A-6DBAC726F40F}.Debug|Any CPU.Build.0 = Debug|Any CPU
		{9804A009-026F-4FF4-AF2A-6DBAC726F40F}.Release|Any CPU.ActiveCfg = Release|Any CPU
		{9804A009-026F-4FF4-AF2A-6DBAC726F40F}.Release|Any CPU.Build.0 = Release|Any CPU
		{E5EEFC90-C38C-42E1-82E9-4C83E90C37A1}.Debug|Any CPU.ActiveCfg = Debug|Any CPU
		{E5EEFC90-C38C-42E1-82E9-4C83E90C37A1}.Debug|Any CPU.Build.0 = Debug|Any CPU
		{E5EEFC90-C38C-42E1-82E9-4C83E90C37A1}.Release|Any CPU.ActiveCfg = Release|Any CPU
		{E5EEFC90-C38C-42E1-82E9-4C83E90C37A1}.Release|Any CPU.Build.0 = Release|Any CPU
		{4E067FFB-FB38-4613-BA89-07CA178FB0FB}.Debug|Any CPU.ActiveCfg = Debug|Any CPU
		{4E067FFB-FB38-4613-BA89-07CA178FB0FB}.Debug|Any CPU.Build.0 = Debug|Any CPU
		{4E067FFB-FB38-4613-BA89-07CA178FB0FB}.Release|Any CPU.ActiveCfg = Release|Any CPU
		{4E067FFB-FB38-4613-BA89-07CA178FB0FB}.Release|Any CPU.Build.0 = Release|Any CPU
		{A87DCA7F-B7DB-40B3-BA54-F85D2BC2F927}.Debug|Any CPU.ActiveCfg = Debug|Any CPU
		{A87DCA7F-B7DB-40B3-BA54-F85D2BC2F927}.Debug|Any CPU.Build.0 = Debug|Any CPU
		{A87DCA7F-B7DB-40B3-BA54-F85D2BC2F927}.Release|Any CPU.ActiveCfg = Release|Any CPU
		{A87DCA7F-B7DB-40B3-BA54-F85D2BC2F927}.Release|Any CPU.Build.0 = Release|Any CPU
	EndGlobalSection
	GlobalSection(SolutionProperties) = preSolution
		HideSolutionNode = FALSE
	EndGlobalSection
	GlobalSection(ExtensibilityGlobals) = postSolution
		SolutionGuid = {B42ED4F0-6631-4350-BCF1-AB9BC1690F14}
	EndGlobalSection
EndGlobal
